{
  "version": 4,
  "terraform_version": "1.2.1",
  "serial": 444,
  "lineage": "3bc4deb7-d435-22bf-1ae3-ae1b79708669",
  "outputs": {},
  "resources": [
    {
      "mode": "managed",
      "type": "aws_vpc",
      "name": "vpc-01",
      "provider": "provider[\"registry.terraform.io/hashicorp/aws\"]",
      "instances": [
        {
          "schema_version": 1,
          "attributes": {
            "arn": "arn:aws:ec2:us-east-1:234114981069:vpc/vpc-0c0611f242c2a0602",
            "assign_generated_ipv6_cidr_block": false,
            "cidr_block": "10.0.0.0/24",
            "default_network_acl_id": "acl-02bfe9d453a83ecd5",
            "default_route_table_id": "rtb-088381082cc5d982f",
            "default_security_group_id": "sg-07121be49d50816c6",
            "dhcp_options_id": "dopt-0fcc76380083e499d",
            "enable_classiclink": false,
            "enable_classiclink_dns_support": false,
            "enable_dns_hostnames": true,
            "enable_dns_support": true,
            "id": "vpc-0c0611f242c2a0602",
            "instance_tenancy": "default",
            "ipv4_ipam_pool_id": null,
            "ipv4_netmask_length": null,
            "ipv6_association_id": "",
            "ipv6_cidr_block": "",
            "ipv6_cidr_block_network_border_group": "",
            "ipv6_ipam_pool_id": "",
            "ipv6_netmask_length": 0,
            "main_route_table_id": "rtb-088381082cc5d982f",
            "owner_id": "234114981069",
            "tags": {
              "Name": "crochetisimo-vpc"
            },
            "tags_all": {
              "Name": "crochetisimo-vpc"
            }
          },
          "sensitive_attributes": [],
          "private": "eyJzY2hlbWFfdmVyc2lvbiI6IjEifQ=="
        }
      ]
    }
  ]
}
